
Microsoft Visual Studio Solution File, Format Version 12.00
# Visual Studio Version 17
VisualStudioVersion = 17.2.32616.157
MinimumVisualStudioVersion = 10.0.40219.1
Project("{9092AA53-FB77-4645-B42D-1CCCA6BD08BD}") = "Assignment", "Assignment.njsproj", "{7D1FFAFC-7C07-49F8-8ED9-905DDDB69B50}"
EndProject
Global
	GlobalSection(SolutionConfigurationPlatforms) = preSolution
		Debug|Any CPU = Debug|Any CPU
		Release|Any CPU = Release|Any CPU
	EndGlobalSection
	GlobalSection(ProjectConfigurationPlatforms) = postSolution
		{7D1FFAFC-7C07-49F8-8ED9-905DDDB69B50}.Debug|Any CPU.ActiveCfg = Debug|Any CPU
		{7D1FFAFC-7C07-49F8-8ED9-905DDDB69B50}.Debug|Any CPU.Build.0 = Debug|Any CPU
		{7D1FFAFC-7C07-49F8-8ED9-905DDDB69B50}.Release|Any CPU.ActiveCfg = Release|Any CPU
		{7D1FFAFC-7C07-49F8-8ED9-905DDDB69B50}.Release|Any CPU.Build.0 = Release|Any CPU
	EndGlobalSection
	GlobalSection(SolutionProperties) = preSolution
		HideSolutionNode = FALSE
	EndGlobalSection
	GlobalSection(ExtensibilityGlobals) = postSolution
		SolutionGuid = {846F94E6-AAC7-4B45-954E-30B5000FAA9E}
	EndGlobalSection
EndGlobal
